
Microsoft Visual Studio Solution File, Format Version 12.00
# Visual Studio Version 17
VisualStudioVersion = 17.12.35707.178 d17.12
MinimumVisualStudioVersion = 10.0.40219.1
Project("{FAE04EC0-301F-11D3-BF4B-00C04F79EFBC}") = "Tasks.Server", "Tasks.Server\Tasks.Server.csproj", "{969887CA-CADA-4B3C-856A-97B58CAD71DD}"
EndProject
Project("{54A90642-561A-4BB1-A94E-469ADEE60C69}") = "tasks.client", "tasks.client\tasks.client.esproj", "{9D16C3BA-76F7-478B-A960-116DE8DA0837}"
EndProject
Global
	GlobalSection(SolutionConfigurationPlatforms) = preSolution
		Debug|Any CPU = Debug|Any CPU
		Release|Any CPU = Release|Any CPU
	EndGlobalSection
	GlobalSection(ProjectConfigurationPlatforms) = postSolution
		{969887CA-CADA-4B3C-856A-97B58CAD71DD}.Debug|Any CPU.ActiveCfg = Debug|Any CPU
		{969887CA-CADA-4B3C-856A-97B58CAD71DD}.Debug|Any CPU.Build.0 = Debug|Any CPU
		{969887CA-CADA-4B3C-856A-97B58CAD71DD}.Release|Any CPU.ActiveCfg = Release|Any CPU
		{969887CA-CADA-4B3C-856A-97B58CAD71DD}.Release|Any CPU.Build.0 = Release|Any CPU
		{9D16C3BA-76F7-478B-A960-116DE8DA0837}.Debug|Any CPU.ActiveCfg = Debug|Any CPU
		{9D16C3BA-76F7-478B-A960-116DE8DA0837}.Debug|Any CPU.Build.0 = Debug|Any CPU
		{9D16C3BA-76F7-478B-A960-116DE8DA0837}.Debug|Any CPU.Deploy.0 = Debug|Any CPU
		{9D16C3BA-76F7-478B-A960-116DE8DA0837}.Release|Any CPU.ActiveCfg = Release|Any CPU
		{9D16C3BA-76F7-478B-A960-116DE8DA0837}.Release|Any CPU.Build.0 = Release|Any CPU
		{9D16C3BA-76F7-478B-A960-116DE8DA0837}.Release|Any CPU.Deploy.0 = Release|Any CPU
	EndGlobalSection
	GlobalSection(SolutionProperties) = preSolution
		HideSolutionNode = FALSE
	EndGlobalSection
EndGlobal
